
Microsoft Visual Studio Solution File, Format Version 12.00
# Visual Studio 14
VisualStudioVersion = 14.0.24720.0
MinimumVisualStudioVersion = 10.0.40219.1
Project("{2150E333-8FDC-42A3-9474-1A3956D46DE8}") = "src", "src", "{7A093DCF-6347-4258-BA9D-BFB1FDC2B813}"
EndProject
Project("{2150E333-8FDC-42A3-9474-1A3956D46DE8}") = "Solution Items", "Solution Items", "{925F4317-C667-4158-B556-62C3F47116E9}"
	ProjectSection(SolutionItems) = preProject
		global.json = global.json
	EndProjectSection
EndProject
Project("{8BB2217D-0F2D-49D1-97BC-3654ED321F3B}") = "Web", "src\Web\Web.xproj", "{0B032975-6856-4887-AF08-2A9FC9F332BF}"
EndProject
Project("{8BB2217D-0F2D-49D1-97BC-3654ED321F3B}") = "Web.Application", "src\Web.Application\Web.Application.xproj", "{14217923-BADC-46D5-89DB-C0A927D83657}"
EndProject
Project("{8BB2217D-0F2D-49D1-97BC-3654ED321F3B}") = "Web.Domain", "src\Web.Domain\Web.Domain.xproj", "{2D5CEC24-D230-4B1D-894E-0FE848EA360D}"
EndProject
Project("{8BB2217D-0F2D-49D1-97BC-3654ED321F3B}") = "Web.Domain.Tests", "src\Web.Domain.Tests\Web.Domain.Tests.xproj", "{2034059F-E9E0-4831-A954-4085B41D8095}"
EndProject
Project("{8BB2217D-0F2D-49D1-97BC-3654ED321F3B}") = "Web.Domain.xUnitTests", "src\Web.Domain.xUnitTests\Web.Domain.xUnitTests.xproj", "{BD8D725E-5E32-4CCC-8597-1BFD11A2BB83}"
EndProject
Global
	GlobalSection(SolutionConfigurationPlatforms) = preSolution
		Debug|Any CPU = Debug|Any CPU
		Release|Any CPU = Release|Any CPU
	EndGlobalSection
	GlobalSection(ProjectConfigurationPlatforms) = postSolution
		{0B032975-6856-4887-AF08-2A9FC9F332BF}.Debug|Any CPU.ActiveCfg = Debug|Any CPU
		{0B032975-6856-4887-AF08-2A9FC9F332BF}.Debug|Any CPU.Build.0 = Debug|Any CPU
		{0B032975-6856-4887-AF08-2A9FC9F332BF}.Release|Any CPU.ActiveCfg = Release|Any CPU
		{0B032975-6856-4887-AF08-2A9FC9F332BF}.Release|Any CPU.Build.0 = Release|Any CPU
		{14217923-BADC-46D5-89DB-C0A927D83657}.Debug|Any CPU.ActiveCfg = Debug|Any CPU
		{14217923-BADC-46D5-89DB-C0A927D83657}.Debug|Any CPU.Build.0 = Debug|Any CPU
		{14217923-BADC-46D5-89DB-C0A927D83657}.Release|Any CPU.ActiveCfg = Release|Any CPU
		{14217923-BADC-46D5-89DB-C0A927D83657}.Release|Any CPU.Build.0 = Release|Any CPU
		{2D5CEC24-D230-4B1D-894E-0FE848EA360D}.Debug|Any CPU.ActiveCfg = Debug|Any CPU
		{2D5CEC24-D230-4B1D-894E-0FE848EA360D}.Debug|Any CPU.Build.0 = Debug|Any CPU
		{2D5CEC24-D230-4B1D-894E-0FE848EA360D}.Release|Any CPU.ActiveCfg = Release|Any CPU
		{2D5CEC24-D230-4B1D-894E-0FE848EA360D}.Release|Any CPU.Build.0 = Release|Any CPU
		{2034059F-E9E0-4831-A954-4085B41D8095}.Debug|Any CPU.ActiveCfg = Debug|Any CPU
		{2034059F-E9E0-4831-A954-4085B41D8095}.Debug|Any CPU.Build.0 = Debug|Any CPU
		{2034059F-E9E0-4831-A954-4085B41D8095}.Release|Any CPU.ActiveCfg = Release|Any CPU
		{2034059F-E9E0-4831-A954-4085B41D8095}.Release|Any CPU.Build.0 = Release|Any CPU
		{BD8D725E-5E32-4CCC-8597-1BFD11A2BB83}.Debug|Any CPU.ActiveCfg = Debug|Any CPU
		{BD8D725E-5E32-4CCC-8597-1BFD11A2BB83}.Debug|Any CPU.Build.0 = Debug|Any CPU
		{BD8D725E-5E32-4CCC-8597-1BFD11A2BB83}.Release|Any CPU.ActiveCfg = Release|Any CPU
		{BD8D725E-5E32-4CCC-8597-1BFD11A2BB83}.Release|Any CPU.Build.0 = Release|Any CPU
	EndGlobalSection
	GlobalSection(SolutionProperties) = preSolution
		HideSolutionNode = FALSE
	EndGlobalSection
	GlobalSection(NestedProjects) = preSolution
		{0B032975-6856-4887-AF08-2A9FC9F332BF} = {7A093DCF-6347-4258-BA9D-BFB1FDC2B813}
		{14217923-BADC-46D5-89DB-C0A927D83657} = {7A093DCF-6347-4258-BA9D-BFB1FDC2B813}
		{2D5CEC24-D230-4B1D-894E-0FE848EA360D} = {7A093DCF-6347-4258-BA9D-BFB1FDC2B813}
		{2034059F-E9E0-4831-A954-4085B41D8095} = {7A093DCF-6347-4258-BA9D-BFB1FDC2B813}
		{BD8D725E-5E32-4CCC-8597-1BFD11A2BB83} = {7A093DCF-6347-4258-BA9D-BFB1FDC2B813}
	EndGlobalSection
EndGlobal
